// !$*UTF8*$!
{
	archiveVersion = 1;
	classes = {
	};
	objectVersion = 46;
	objects = {

/* Begin PBXBuildFile section */
		2E07DFAB1DE7F29600B77F3A /* main.m in Sources */ = {isa = PBXBuildFile; fileRef = 2E07DFAA1DE7F29600B77F3A /* main.m */; };
		2E07DFAE1DE7F29600B77F3A /* AppDelegate.m in Sources */ = {isa = PBXBuildFile; fileRef = 2E07DFAD1DE7F29600B77F3A /* AppDelegate.m */; };
		2E07DFB11DE7F29600B77F3A /* LoginViewController.m in Sources */ = {isa = PBXBuildFile; fileRef = 2E07DFB01DE7F29600B77F3A /* LoginViewController.m */; };
		2E07DFB41DE7F29600B77F3A /* Main.storyboard in Resources */ = {isa = PBXBuildFile; fileRef = 2E07DFB21DE7F29600B77F3A /* Main.storyboard */; };
		2E07DFB61DE7F29600B77F3A /* Assets.xcassets in Resources */ = {isa = PBXBuildFile; fileRef = 2E07DFB51DE7F29600B77F3A /* Assets.xcassets */; };
		2E07DFB91DE7F29600B77F3A /* LaunchScreen.storyboard in Resources */ = {isa = PBXBuildFile; fileRef = 2E07DFB71DE7F29600B77F3A /* LaunchScreen.storyboard */; };
		2E07DFC41DE7F29700B77F3A /* loyaltioTests.m in Sources */ = {isa = PBXBuildFile; fileRef = 2E07DFC31DE7F29700B77F3A /* loyaltioTests.m */; };
		2E07DFCF1DE7F29700B77F3A /* loyaltioUITests.m in Sources */ = {isa = PBXBuildFile; fileRef = 2E07DFCE1DE7F29700B77F3A /* loyaltioUITests.m */; };
/* End PBXBuildFile section */

/* Begin PBXContainerItemProxy section */
		2E07DFC01DE7F29700B77F3A /* PBXContainerItemProxy */ = {
			isa = PBXContainerItemProxy;
			containerPortal = 2E07DF9E1DE7F29600B77F3A /* Project object */;
			proxyType = 1;
			remoteGlobalIDString = 2E07DFA51DE7F29600B77F3A;
			remoteInfo = loyaltio;
		};
		2E07DFCB1DE7F29700B77F3A /* PBXContainerItemProxy */ = {
			isa = PBXContainerItemProxy;
			containerPortal = 2E07DF9E1DE7F29600B77F3A /* Project object */;
			proxyType = 1;
			remoteGlobalIDString = 2E07DFA51DE7F29600B77F3A;
			remoteInfo = loyaltio;
		};
/* End PBXContainerItemProxy section */

/* Begin PBXFileReference section */
		2E07DFA61DE7F29600B77F3A /* loyaltio.app */ = {isa = PBXFileReference; explicitFileType = wrapper.application; includeInIndex = 0; path = loyaltio.app; sourceTree = BUILT_PRODUCTS_DIR; };
		2E07DFAA1DE7F29600B77F3A /* main.m */ = {isa = PBXFileReference; lastKnownFileType = sourcecode.c.objc; path = main.m; sourceTree = "<group>"; };
		2E07DFAC1DE7F29600B77F3A /* AppDelegate.h */ = {isa = PBXFileReference; lastKnownFileType = sourcecode.c.h; path = AppDelegate.h; sourceTree = "<group>"; };
		2E07DFAD1DE7F29600B77F3A /* AppDelegate.m */ = {isa = PBXFileReference; lastKnownFileType = sourcecode.c.objc; path = AppDelegate.m; sourceTree = "<group>"; };
		2E07DFAF1DE7F29600B77F3A /* LoginViewController.h */ = {isa = PBXFileReference; lastKnownFileType = sourcecode.c.h; path = LoginViewController.h; sourceTree = "<group>"; };
		2E07DFB01DE7F29600B77F3A /* LoginViewController.m */ = {isa = PBXFileReference; lastKnownFileType = sourcecode.c.objc; path = LoginViewController.m; sourceTree = "<group>"; };
		2E07DFB31DE7F29600B77F3A /* Base */ = {isa = PBXFileReference; lastKnownFileType = file.storyboard; name = Base; path = Base.lproj/Main.storyboard; sourceTree = "<group>"; };
		2E07DFB51DE7F29600B77F3A /* Assets.xcassets */ = {isa = PBXFileReference; lastKnownFileType = folder.assetcatalog; path = Assets.xcassets; sourceTree = "<group>"; };
		2E07DFB81DE7F29600B77F3A /* Base */ = {isa = PBXFileReference; lastKnownFileType = file.storyboard; name = Base; path = Base.lproj/LaunchScreen.storyboard; sourceTree = "<group>"; };
		2E07DFBA1DE7F29600B77F3A /* Info.plist */ = {isa = PBXFileReference; lastKnownFileType = text.plist.xml; path = Info.plist; sourceTree = "<group>"; };
		2E07DFBF1DE7F29700B77F3A /* loyaltioTests.xctest */ = {isa = PBXFileReference; explicitFileType = wrapper.cfbundle; includeInIndex = 0; path = loyaltioTests.xctest; sourceTree = BUILT_PRODUCTS_DIR; };
		2E07DFC31DE7F29700B77F3A /* loyaltioTests.m */ = {isa = PBXFileReference; lastKnownFileType = sourcecode.c.objc; path = loyaltioTests.m; sourceTree = "<group>"; };
		2E07DFC51DE7F29700B77F3A /* Info.plist */ = {isa = PBXFileReference; lastKnownFileType = text.plist.xml; path = Info.plist; sourceTree = "<group>"; };
		2E07DFCA1DE7F29700B77F3A /* loyaltioUITests.xctest */ = {isa = PBXFileReference; explicitFileType = wrapper.cfbundle; includeInIndex = 0; path = loyaltioUITests.xctest; sourceTree = BUILT_PRODUCTS_DIR; };
		2E07DFCE1DE7F29700B77F3A /* loyaltioUITests.m */ = {isa = PBXFileReference; lastKnownFileType = sourcecode.c.objc; path = loyaltioUITests.m; sourceTree = "<group>"; };
		2E07DFD01DE7F29700B77F3A /* Info.plist */ = {isa = PBXFileReference; lastKnownFileType = text.plist.xml; path = Info.plist; sourceTree = "<group>"; };
/* End PBXFileReference section */

/* Begin PBXFrameworksBuildPhase section */
		2E07DFA31DE7F29600B77F3A /* Frameworks */ = {
			isa = PBXFrameworksBuildPhase;
			buildActionMask = 2147483647;
			files = (
			);
			runOnlyForDeploymentPostprocessing = 0;
		};
		2E07DFBC1DE7F29700B77F3A /* Frameworks */ = {
			isa = PBXFrameworksBuildPhase;
			buildActionMask = 2147483647;
			files = (
			);
			runOnlyForDeploymentPostprocessing = 0;
		};
		2E07DFC71DE7F29700B77F3A /* Frameworks */ = {
			isa = PBXFrameworksBuildPhase;
			buildActionMask = 2147483647;
			files = (
			);
			runOnlyForDeploymentPostprocessing = 0;
		};
/* End PBXFrameworksBuildPhase section */

/* Begin PBXGroup section */
		2E07DF9D1DE7F29600B77F3A = {
			isa = PBXGroup;
			children = (
				2E07DFA81DE7F29600B77F3A /* loyaltio */,
				2E07DFC21DE7F29700B77F3A /* loyaltioTests */,
				2E07DFCD1DE7F29700B77F3A /* loyaltioUITests */,
				2E07DFA71DE7F29600B77F3A /* Products */,
			);
			sourceTree = "<group>";
		};
		2E07DFA71DE7F29600B77F3A /* Products */ = {
			isa = PBXGroup;
			children = (
				2E07DFA61DE7F29600B77F3A /* loyaltio.app */,
				2E07DFBF1DE7F29700B77F3A /* loyaltioTests.xctest */,
				2E07DFCA1DE7F29700B77F3A /* loyaltioUITests.xctest */,
			);
			name = Products;
			sourceTree = "<group>";
		};
		2E07DFA81DE7F29600B77F3A /* loyaltio */ = {
			isa = PBXGroup;
			children = (
				2E07DFAC1DE7F29600B77F3A /* AppDelegate.h */,
				2E07DFAD1DE7F29600B77F3A /* AppDelegate.m */,
				2E07DFAF1DE7F29600B77F3A /* LoginViewController.h */,
				2E07DFB01DE7F29600B77F3A /* LoginViewController.m */,
				2E07DFB21DE7F29600B77F3A /* Main.storyboard */,
				2E07DFB51DE7F29600B77F3A /* Assets.xcassets */,
				2E07DFB71DE7F29600B77F3A /* LaunchScreen.storyboard */,
				2E07DFBA1DE7F29600B77F3A /* Info.plist */,
				2E07DFA91DE7F29600B77F3A /* Supporting Files */,
			);
			path = loyaltio;
			sourceTree = "<group>";
		};
		2E07DFA91DE7F29600B77F3A /* Supporting Files */ = {
			isa = PBXGroup;
			children = (
				2E07DFAA1DE7F29600B77F3A /* main.m */,
			);
			name = "Supporting Files";
			sourceTree = "<group>";
		};
		2E07DFC21DE7F29700B77F3A /* loyaltioTests */ = {
			isa = PBXGroup;
			children = (
				2E07DFC31DE7F29700B77F3A /* loyaltioTests.m */,
				2E07DFC51DE7F29700B77F3A /* Info.plist */,
			);
			path = loyaltioTests;
			sourceTree = "<group>";
		};
		2E07DFCD1DE7F29700B77F3A /* loyaltioUITests */ = {
			isa = PBXGroup;
			children = (
				2E07DFCE1DE7F29700B77F3A /* loyaltioUITests.m */,
				2E07DFD01DE7F29700B77F3A /* Info.plist */,
			);
			path = loyaltioUITests;
			sourceTree = "<group>";
		};
/* End PBXGroup section */

/* Begin PBXNativeTarget section */
		2E07DFA51DE7F29600B77F3A /* loyaltio */ = {
			isa = PBXNativeTarget;
			buildConfigurationList = 2E07DFD31DE7F29700B77F3A /* Build configuration list for PBXNativeTarget "loyaltio" */;
			buildPhases = (
				2E07DFA21DE7F29600B77F3A /* Sources */,
				2E07DFA31DE7F29600B77F3A /* Frameworks */,
				2E07DFA41DE7F29600B77F3A /* Resources */,
			);
			buildRules = (
			);
			dependencies = (
			);
			name = loyaltio;
			productName = loyaltio;
			productReference = 2E07DFA61DE7F29600B77F3A /* loyaltio.app */;
			productType = "com.apple.product-type.application";
		};
		2E07DFBE1DE7F29700B77F3A /* loyaltioTests */ = {
			isa = PBXNativeTarget;
			buildConfigurationList = 2E07DFD61DE7F29700B77F3A /* Build configuration list for PBXNativeTarget "loyaltioTests" */;
			buildPhases = (
				2E07DFBB1DE7F29700B77F3A /* Sources */,
				2E07DFBC1DE7F29700B77F3A /* Frameworks */,
				2E07DFBD1DE7F29700B77F3A /* Resources */,
			);
			buildRules = (
			);
			dependencies = (
				2E07DFC11DE7F29700B77F3A /* PBXTargetDependency */,
			);
			name = loyaltioTests;
			productName = loyaltioTests;
			productReference = 2E07DFBF1DE7F29700B77F3A /* loyaltioTests.xctest */;
			productType = "com.apple.product-type.bundle.unit-test";
		};
		2E07DFC91DE7F29700B77F3A /* loyaltioUITests */ = {
			isa = PBXNativeTarget;
			buildConfigurationList = 2E07DFD91DE7F29700B77F3A /* Build configuration list for PBXNativeTarget "loyaltioUITests" */;
			buildPhases = (
				2E07DFC61DE7F29700B77F3A /* Sources */,
				2E07DFC71DE7F29700B77F3A /* Frameworks */,
				2E07DFC81DE7F29700B77F3A /* Resources */,
			);
			buildRules = (
			);
			dependencies = (
				2E07DFCC1DE7F29700B77F3A /* PBXTargetDependency */,
			);
			name = loyaltioUITests;
			productName = loyaltioUITests;
			productReference = 2E07DFCA1DE7F29700B77F3A /* loyaltioUITests.xctest */;
			productType = "com.apple.product-type.bundle.ui-testing";
		};
/* End PBXNativeTarget section */

/* Begin PBXProject section */
		2E07DF9E1DE7F29600B77F3A /* Project object */ = {
			isa = PBXProject;
			attributes = {
				LastUpgradeCheck = 0730;
				ORGANIZATIONNAME = SlashMobility;
				TargetAttributes = {
					2E07DFA51DE7F29600B77F3A = {
						CreatedOnToolsVersion = 7.3.1;
					};
					2E07DFBE1DE7F29700B77F3A = {
						CreatedOnToolsVersion = 7.3.1;
						TestTargetID = 2E07DFA51DE7F29600B77F3A;
					};
					2E07DFC91DE7F29700B77F3A = {
						CreatedOnToolsVersion = 7.3.1;
						TestTargetID = 2E07DFA51DE7F29600B77F3A;
					};
				};
			};
			buildConfigurationList = 2E07DFA11DE7F29600B77F3A /* Build configuration list for PBXProject "loyaltio" */;
			compatibilityVersion = "Xcode 3.2";
			developmentRegion = English;
			hasScannedForEncodings = 0;
			knownRegions = (
				en,
				Base,
			);
			mainGroup = 2E07DF9D1DE7F29600B77F3A;
			productRefGroup = 2E07DFA71DE7F29600B77F3A /* Products */;
			projectDirPath = "";
			projectRoot = "";
			targets = (
				2E07DFA51DE7F29600B77F3A /* loyaltio */,
				2E07DFBE1DE7F29700B77F3A /* loyaltioTests */,
				2E07DFC91DE7F29700B77F3A /* loyaltioUITests */,
			);
		};
/* End PBXProject section */

/* Begin PBXResourcesBuildPhase section */
		2E07DFA41DE7F29600B77F3A /* Resources */ = {
			isa = PBXResourcesBuildPhase;
			buildActionMask = 2147483647;
			files = (
				2E07DFB91DE7F29600B77F3A /* LaunchScreen.storyboard in Resources */,
				2E07DFB61DE7F29600B77F3A /* Assets.xcassets in Resources */,
				2E07DFB41DE7F29600B77F3A /* Main.storyboard in Resources */,
			);
			runOnlyForDeploymentPostprocessing = 0;
		};
		2E07DFBD1DE7F29700B77F3A /* Resources */ = {
			isa = PBXResourcesBuildPhase;
			buildActionMask = 2147483647;
			files = (
			);
			runOnlyForDeploymentPostprocessing = 0;
		};
		2E07DFC81DE7F29700B77F3A /* Resources */ = {
			isa = PBXResourcesBuildPhase;
			buildActionMask = 2147483647;
			files = (
			);
			runOnlyForDeploymentPostprocessing = 0;
		};
/* End PBXResourcesBuildPhase section */

/* Begin PBXSourcesBuildPhase section */
		2E07DFA21DE7F29600B77F3A /* Sources */ = {
			isa = PBXSourcesBuildPhase;
			buildActionMask = 2147483647;
			files = (
				2E07DFB11DE7F29600B77F3A /* LoginViewController.m in Sources */,
				2E07DFAE1DE7F29600B77F3A /* AppDelegate.m in Sources */,
				2E07DFAB1DE7F29600B77F3A /* main.m in Sources */,
			);
			runOnlyForDeploymentPostprocessing = 0;
		};
		2E07DFBB1DE7F29700B77F3A /* Sources */ = {
			isa = PBXSourcesBuildPhase;
			buildActionMask = 2147483647;
			files = (
				2E07DFC41DE7F29700B77F3A /* loyaltioTests.m in Sources */,
			);
			runOnlyForDeploymentPostprocessing = 0;
		};
		2E07DFC61DE7F29700B77F3A /* Sources */ = {
			isa = PBXSourcesBuildPhase;
			buildActionMask = 2147483647;
			files = (
				2E07DFCF1DE7F29700B77F3A /* loyaltioUITests.m in Sources */,
			);
			runOnlyForDeploymentPostprocessing = 0;
		};
/* End PBXSourcesBuildPhase section */

/* Begin PBXTargetDependency section */
		2E07DFC11DE7F29700B77F3A /* PBXTargetDependency */ = {
			isa = PBXTargetDependency;
			target = 2E07DFA51DE7F29600B77F3A /* loyaltio */;
			targetProxy = 2E07DFC01DE7F29700B77F3A /* PBXContainerItemProxy */;
		};
		2E07DFCC1DE7F29700B77F3A /* PBXTargetDependency */ = {
			isa = PBXTargetDependency;
			target = 2E07DFA51DE7F29600B77F3A /* loyaltio */;
			targetProxy = 2E07DFCB1DE7F29700B77F3A /* PBXContainerItemProxy */;
		};
/* End PBXTargetDependency section */

/* Begin PBXVariantGroup section */
		2E07DFB21DE7F29600B77F3A /* Main.storyboard */ = {
			isa = PBXVariantGroup;
			children = (
				2E07DFB31DE7F29600B77F3A /* Base */,
			);
			name = Main.storyboard;
			sourceTree = "<group>";
		};
		2E07DFB71DE7F29600B77F3A /* LaunchScreen.storyboard */ = {
			isa = PBXVariantGroup;
			children = (
				2E07DFB81DE7F29600B77F3A /* Base */,
			);
			name = LaunchScreen.storyboard;
			sourceTree = "<group>";
		};
/* End PBXVariantGroup section */

/* Begin XCBuildConfiguration section */
		2E07DFD11DE7F29700B77F3A /* Debug */ = {
			isa = XCBuildConfiguration;
			buildSettings = {
				ALWAYS_SEARCH_USER_PATHS = NO;
				CLANG_ANALYZER_NONNULL = YES;
				CLANG_CXX_LANGUAGE_STANDARD = "gnu++0x";
				CLANG_CXX_LIBRARY = "libc++";
				CLANG_ENABLE_MODULES = YES;
				CLANG_ENABLE_OBJC_ARC = YES;
				CLANG_WARN_BOOL_CONVERSION = YES;
				CLANG_WARN_CONSTANT_CONVERSION = YES;
				CLANG_WARN_DIRECT_OBJC_ISA_USAGE = YES_ERROR;
				CLANG_WARN_EMPTY_BODY = YES;
				CLANG_WARN_ENUM_CONVERSION = YES;
				CLANG_WARN_INT_CONVERSION = YES;
				CLANG_WARN_OBJC_ROOT_CLASS = YES_ERROR;
				CLANG_WARN_UNREACHABLE_CODE = YES;
				CLANG_WARN__DUPLICATE_METHOD_MATCH = YES;
				"CODE_SIGN_IDENTITY[sdk=iphoneos*]" = "iPhone Developer";
				COPY_PHASE_STRIP = NO;
				DEBUG_INFORMATION_FORMAT = dwarf;
				ENABLE_STRICT_OBJC_MSGSEND = YES;
				ENABLE_TESTABILITY = YES;
				GCC_C_LANGUAGE_STANDARD = gnu99;
				GCC_DYNAMIC_NO_PIC = NO;
				GCC_NO_COMMON_BLOCKS = YES;
				GCC_OPTIMIZATION_LEVEL = 0;
				GCC_PREPROCESSOR_DEFINITIONS = (
					"DEBUG=1",
					"$(inherited)",
				);
				GCC_WARN_64_TO_32_BIT_CONVERSION = YES;
				GCC_WARN_ABOUT_RETURN_TYPE = YES_ERROR;
				GCC_WARN_UNDECLARED_SELECTOR = YES;
				GCC_WARN_UNINITIALIZED_AUTOS = YES_AGGRESSIVE;
				GCC_WARN_UNUSED_FUNCTION = YES;
				GCC_WARN_UNUSED_VARIABLE = YES;
				IPHONEOS_DEPLOYMENT_TARGET = 9.3;
				MTL_ENABLE_DEBUG_INFO = YES;
				ONLY_ACTIVE_ARCH = YES;
				SDKROOT = iphoneos;
			};
			name = Debug;
		};
		2E07DFD21DE7F29700B77F3A /* Release */ = {
			isa = XCBuildConfiguration;
			buildSettings = {
				ALWAYS_SEARCH_USER_PATHS = NO;
				CLANG_ANALYZER_NONNULL = YES;
				CLANG_CXX_LANGUAGE_STANDARD = "gnu++0x";
				CLANG_CXX_LIBRARY = "libc++";
				CLANG_ENABLE_MODULES = YES;
				CLANG_ENABLE_OBJC_ARC = YES;
				CLANG_WARN_BOOL_CONVERSION = YES;
				CLANG_WARN_CONSTANT_CONVERSION = YES;
				CLANG_WARN_DIRECT_OBJC_ISA_USAGE = YES_ERROR;
				CLANG_WARN_EMPTY_BODY = YES;
				CLANG_WARN_ENUM_CONVERSION = YES;
				CLANG_WARN_INT_CONVERSION = YES;
				CLANG_WARN_OBJC_ROOT_CLASS = YES_ERROR;
				CLANG_WARN_UNREACHABLE_CODE = YES;
				CLANG_WARN__DUPLICATE_METHOD_MATCH = YES;
				"CODE_SIGN_IDENTITY[sdk=iphoneos*]" = "iPhone Developer";
				COPY_PHASE_STRIP = NO;
				DEBUG_INFORMATION_FORMAT = "dwarf-with-dsym";
				ENABLE_NS_ASSERTIONS = NO;
				ENABLE_STRICT_OBJC_MSGSEND = YES;
				GCC_C_LANGUAGE_STANDARD = gnu99;
				GCC_NO_COMMON_BLOCKS = YES;
				GCC_WARN_64_TO_32_BIT_CONVERSION = YES;
				GCC_WARN_ABOUT_RETURN_TYPE = YES_ERROR;
				GCC_WARN_UNDECLARED_SELECTOR = YES;
				GCC_WARN_UNINITIALIZED_AUTOS = YES_AGGRESSIVE;
				GCC_WARN_UNUSED_FUNCTION = YES;
				GCC_WARN_UNUSED_VARIABLE = YES;
				IPHONEOS_DEPLOYMENT_TARGET = 9.3;
				MTL_ENABLE_DEBUG_INFO = NO;
				SDKROOT = iphoneos;
				VALIDATE_PRODUCT = YES;
			};
			name = Release;
		};
		2E07DFD41DE7F29700B77F3A /* Debug */ = {
			isa = XCBuildConfiguration;
			buildSettings = {
				ASSETCATALOG_COMPILER_APPICON_NAME = AppIcon;
				INFOPLIST_FILE = loyaltio/Info.plist;
				IPHONEOS_DEPLOYMENT_TARGET = 8.0;
				LD_RUNPATH_SEARCH_PATHS = "$(inherited) @executable_path/Frameworks";
				PRODUCT_BUNDLE_IDENTIFIER = com.slashMobility.loyaltio;
				PRODUCT_NAME = "$(TARGET_NAME)";
			};
			name = Debug;
		};
		2E07DFD51DE7F29700B77F3A /* Release */ = {
			isa = XCBuildConfiguration;
			buildSettings = {
				ASSETCATALOG_COMPILER_APPICON_NAME = AppIcon;
				INFOPLIST_FILE = loyaltio/Info.plist;
				IPHONEOS_DEPLOYMENT_TARGET = 8.0;
				LD_RUNPATH_SEARCH_PATHS = "$(inherited) @executable_path/Frameworks";
				PRODUCT_BUNDLE_IDENTIFIER = com.slashMobility.loyaltio;
				PRODUCT_NAME = "$(TARGET_NAME)";
			};
			name = Release;
		};
		2E07DFD71DE7F29700B77F3A /* Debug */ = {
			isa = XCBuildConfiguration;
			buildSettings = {
				BUNDLE_LOADER = "$(TEST_HOST)";
				INFOPLIST_FILE = loyaltioTests/Info.plist;
				LD_RUNPATH_SEARCH_PATHS = "$(inherited) @executable_path/Frameworks @loader_path/Frameworks";
				PRODUCT_BUNDLE_IDENTIFIER = com.slashMobility.loyaltioTests;
				PRODUCT_NAME = "$(TARGET_NAME)";
				TEST_HOST = "$(BUILT_PRODUCTS_DIR)/loyaltio.app/loyaltio";
			};
			name = Debug;
		};
		2E07DFD81DE7F29700B77F3A /* Release */ = {
			isa = XCBuildConfiguration;
			buildSettings = {
				BUNDLE_LOADER = "$(TEST_HOST)";
				INFOPLIST_FILE = loyaltioTests/Info.plist;
				LD_RUNPATH_SEARCH_PATHS = "$(inherited) @executable_path/Frameworks @loader_path/Frameworks";
				PRODUCT_BUNDLE_IDENTIFIER = com.slashMobility.loyaltioTests;
				PRODUCT_NAME = "$(TARGET_NAME)";
				TEST_HOST = "$(BUILT_PRODUCTS_DIR)/loyaltio.app/loyaltio";
			};
			name = Release;
		};
		2E07DFDA1DE7F29700B77F3A /* Debug */ = {
			isa = XCBuildConfiguration;
			buildSettings = {
				INFOPLIST_FILE = loyaltioUITests/Info.plist;
				LD_RUNPATH_SEARCH_PATHS = "$(inherited) @executable_path/Frameworks @loader_path/Frameworks";
				PRODUCT_BUNDLE_IDENTIFIER = com.slashMobility.loyaltioUITests;
				PRODUCT_NAME = "$(TARGET_NAME)";
				TEST_TARGET_NAME = loyaltio;
			};
			name = Debug;
		};
		2E07DFDB1DE7F29700B77F3A /* Release */ = {
			isa = XCBuildConfiguration;
			buildSettings = {
				INFOPLIST_FILE = loyaltioUITests/Info.plist;
				LD_RUNPATH_SEARCH_PATHS = "$(inherited) @executable_path/Frameworks @loader_path/Frameworks";
				PRODUCT_BUNDLE_IDENTIFIER = com.slashMobility.loyaltioUITests;
				PRODUCT_NAME = "$(TARGET_NAME)";
				TEST_TARGET_NAME = loyaltio;
			};
			name = Release;
		};
/* End XCBuildConfiguration section */

/* Begin XCConfigurationList section */
		2E07DFA11DE7F29600B77F3A /* Build configuration list for PBXProject "loyaltio" */ = {
			isa = XCConfigurationList;
			buildConfigurations = (
				2E07DFD11DE7F29700B77F3A /* Debug */,
				2E07DFD21DE7F29700B77F3A /* Release */,
			);
			defaultConfigurationIsVisible = 0;
			defaultConfigurationName = Release;
		};
		2E07DFD31DE7F29700B77F3A /* Build configuration list for PBXNativeTarget "loyaltio" */ = {
			isa = XCConfigurationList;
			buildConfigurations = (
				2E07DFD41DE7F29700B77F3A /* Debug */,
				2E07DFD51DE7F29700B77F3A /* Release */,
			);
			defaultConfigurationIsVisible = 0;
			defaultConfigurationName = Release;
		};
		2E07DFD61DE7F29700B77F3A /* Build configuration list for PBXNativeTarget "loyaltioTests" */ = {
			isa = XCConfigurationList;
			buildConfigurations = (
				2E07DFD71DE7F29700B77F3A /* Debug */,
				2E07DFD81DE7F29700B77F3A /* Release */,
			);
			defaultConfigurationIsVisible = 0;
			defaultConfigurationName = Release;
		};
		2E07DFD91DE7F29700B77F3A /* Build configuration list for PBXNativeTarget "loyaltioUITests" */ = {
			isa = XCConfigurationList;
			buildConfigurations = (
				2E07DFDA1DE7F29700B77F3A /* Debug */,
				2E07DFDB1DE7F29700B77F3A /* Release */,
			);
			defaultConfigurationIsVisible = 0;
			defaultConfigurationName = Release;
		};
/* End XCConfigurationList section */
	};
	rootObject = 2E07DF9E1DE7F29600B77F3A /* Project object */;
}
